
Microsoft Visual Studio Solution File, Format Version 12.00
# Visual Studio Version 17
VisualStudioVersion = 17.4.33213.308
MinimumVisualStudioVersion = 10.0.40219.1
Project("{FAE04EC0-301F-11D3-BF4B-00C04F79EFBC}") = "testcalc", "testcalc.csproj", "{A141BF18-7372-4A05-AFCB-81E4FBEDCCDF}"
EndProject
Global
	GlobalSection(SolutionConfigurationPlatforms) = preSolution
		Debug|Any CPU = Debug|Any CPU
		Release|Any CPU = Release|Any CPU
	EndGlobalSection
	GlobalSection(ProjectConfigurationPlatforms) = postSolution
		{A141BF18-7372-4A05-AFCB-81E4FBEDCCDF}.Debug|Any CPU.ActiveCfg = Debug|Any CPU
		{A141BF18-7372-4A05-AFCB-81E4FBEDCCDF}.Debug|Any CPU.Build.0 = Debug|Any CPU
		{A141BF18-7372-4A05-AFCB-81E4FBEDCCDF}.Release|Any CPU.ActiveCfg = Release|Any CPU
		{A141BF18-7372-4A05-AFCB-81E4FBEDCCDF}.Release|Any CPU.Build.0 = Release|Any CPU
	EndGlobalSection
	GlobalSection(SolutionProperties) = preSolution
		HideSolutionNode = FALSE
	EndGlobalSection
	GlobalSection(ExtensibilityGlobals) = postSolution
		SolutionGuid = {1758EEFA-C4F6-47CA-857F-EA6723929225}
	EndGlobalSection
EndGlobal
